// !$*UTF8*$!
{
	archiveVersion = 1;
	classes = {
	};
	objectVersion = 50;
	objects = {

/* Begin PBXBuildFile section */
		3FCC4677C1F6EC8A8C437882 /* Pods_egoChat.framework in Frameworks */ = {isa = PBXBuildFile; fileRef = A1224C538EC9E0D08B122406 /* Pods_egoChat.framework */; };
		F6AFF2CE262E299700A4EFF6 /* AppDelegate.swift in Sources */ = {isa = PBXBuildFile; fileRef = F6AFF2CD262E299700A4EFF6 /* AppDelegate.swift */; };
		F6AFF2D0262E299700A4EFF6 /* SceneDelegate.swift in Sources */ = {isa = PBXBuildFile; fileRef = F6AFF2CF262E299700A4EFF6 /* SceneDelegate.swift */; };
		F6AFF2D2262E299700A4EFF6 /* ViewController.swift in Sources */ = {isa = PBXBuildFile; fileRef = F6AFF2D1262E299700A4EFF6 /* ViewController.swift */; };
		F6AFF2D5262E299700A4EFF6 /* Main.storyboard in Resources */ = {isa = PBXBuildFile; fileRef = F6AFF2D3262E299700A4EFF6 /* Main.storyboard */; };
		F6AFF2D7262E299800A4EFF6 /* Assets.xcassets in Resources */ = {isa = PBXBuildFile; fileRef = F6AFF2D6262E299800A4EFF6 /* Assets.xcassets */; };
		F6AFF2DA262E299800A4EFF6 /* LaunchScreen.storyboard in Resources */ = {isa = PBXBuildFile; fileRef = F6AFF2D8262E299800A4EFF6 /* LaunchScreen.storyboard */; };
/* End PBXBuildFile section */

/* Begin PBXFileReference section */
		302E05AD74C5A50F2A730FB8 /* Pods-egoChat.release.xcconfig */ = {isa = PBXFileReference; includeInIndex = 1; lastKnownFileType = text.xcconfig; name = "Pods-egoChat.release.xcconfig"; path = "Target Support Files/Pods-egoChat/Pods-egoChat.release.xcconfig"; sourceTree = "<group>"; };
		86E4794180981123BCC26DD6 /* Pods-egoChat.debug.xcconfig */ = {isa = PBXFileReference; includeInIndex = 1; lastKnownFileType = text.xcconfig; name = "Pods-egoChat.debug.xcconfig"; path = "Target Support Files/Pods-egoChat/Pods-egoChat.debug.xcconfig"; sourceTree = "<group>"; };
		A1224C538EC9E0D08B122406 /* Pods_egoChat.framework */ = {isa = PBXFileReference; explicitFileType = wrapper.framework; includeInIndex = 0; path = Pods_egoChat.framework; sourceTree = BUILT_PRODUCTS_DIR; };
		F6AFF2CA262E299700A4EFF6 /* egoChat.app */ = {isa = PBXFileReference; explicitFileType = wrapper.application; includeInIndex = 0; path = egoChat.app; sourceTree = BUILT_PRODUCTS_DIR; };
		F6AFF2CD262E299700A4EFF6 /* AppDelegate.swift */ = {isa = PBXFileReference; lastKnownFileType = sourcecode.swift; path = AppDelegate.swift; sourceTree = "<group>"; };
		F6AFF2CF262E299700A4EFF6 /* SceneDelegate.swift */ = {isa = PBXFileReference; lastKnownFileType = sourcecode.swift; path = SceneDelegate.swift; sourceTree = "<group>"; };
		F6AFF2D1262E299700A4EFF6 /* ViewController.swift */ = {isa = PBXFileReference; lastKnownFileType = sourcecode.swift; path = ViewController.swift; sourceTree = "<group>"; };
		F6AFF2D4262E299700A4EFF6 /* Base */ = {isa = PBXFileReference; lastKnownFileType = file.storyboard; name = Base; path = Base.lproj/Main.storyboard; sourceTree = "<group>"; };
		F6AFF2D6262E299800A4EFF6 /* Assets.xcassets */ = {isa = PBXFileReference; lastKnownFileType = folder.assetcatalog; path = Assets.xcassets; sourceTree = "<group>"; };
		F6AFF2D9262E299800A4EFF6 /* Base */ = {isa = PBXFileReference; lastKnownFileType = file.storyboard; name = Base; path = Base.lproj/LaunchScreen.storyboard; sourceTree = "<group>"; };
		F6AFF2DB262E299800A4EFF6 /* Info.plist */ = {isa = PBXFileReference; lastKnownFileType = text.plist.xml; path = Info.plist; sourceTree = "<group>"; };
/* End PBXFileReference section */

/* Begin PBXFrameworksBuildPhase section */
		F6AFF2C7262E299700A4EFF6 /* Frameworks */ = {
			isa = PBXFrameworksBuildPhase;
			buildActionMask = 2147483647;
			files = (
				3FCC4677C1F6EC8A8C437882 /* Pods_egoChat.framework in Frameworks */,
			);
			runOnlyForDeploymentPostprocessing = 0;
		};
/* End PBXFrameworksBuildPhase section */

/* Begin PBXGroup section */
		846D0B4A758781F59DBABF1F /* Pods */ = {
			isa = PBXGroup;
			children = (
				86E4794180981123BCC26DD6 /* Pods-egoChat.debug.xcconfig */,
				302E05AD74C5A50F2A730FB8 /* Pods-egoChat.release.xcconfig */,
			);
			name = Pods;
			path = Pods;
			sourceTree = "<group>";
		};
		E1D0E88CEB3C06DC4452B808 /* Frameworks */ = {
			isa = PBXGroup;
			children = (
				A1224C538EC9E0D08B122406 /* Pods_egoChat.framework */,
			);
			name = Frameworks;
			sourceTree = "<group>";
		};
		F6AFF2C1262E299700A4EFF6 = {
			isa = PBXGroup;
			children = (
				F6AFF2CC262E299700A4EFF6 /* egoChat */,
				F6AFF2CB262E299700A4EFF6 /* Products */,
				846D0B4A758781F59DBABF1F /* Pods */,
				E1D0E88CEB3C06DC4452B808 /* Frameworks */,
			);
			sourceTree = "<group>";
		};
		F6AFF2CB262E299700A4EFF6 /* Products */ = {
			isa = PBXGroup;
			children = (
				F6AFF2CA262E299700A4EFF6 /* egoChat.app */,
			);
			name = Products;
			sourceTree = "<group>";
		};
		F6AFF2CC262E299700A4EFF6 /* egoChat */ = {
			isa = PBXGroup;
			children = (
				F6AFF2CD262E299700A4EFF6 /* AppDelegate.swift */,
				F6AFF2CF262E299700A4EFF6 /* SceneDelegate.swift */,
				F6AFF2D1262E299700A4EFF6 /* ViewController.swift */,
				F6AFF2D3262E299700A4EFF6 /* Main.storyboard */,
				F6AFF2D6262E299800A4EFF6 /* Assets.xcassets */,
				F6AFF2D8262E299800A4EFF6 /* LaunchScreen.storyboard */,
				F6AFF2DB262E299800A4EFF6 /* Info.plist */,
			);
			path = egoChat;
			sourceTree = "<group>";
		};
/* End PBXGroup section */

/* Begin PBXNativeTarget section */
		F6AFF2C9262E299700A4EFF6 /* egoChat */ = {
			isa = PBXNativeTarget;
			buildConfigurationList = F6AFF2DE262E299800A4EFF6 /* Build configuration list for PBXNativeTarget "egoChat" */;
			buildPhases = (
				33576181B2C609FBF062831D /* [CP] Check Pods Manifest.lock */,
				F6AFF2C6262E299700A4EFF6 /* Sources */,
				F6AFF2C7262E299700A4EFF6 /* Frameworks */,
				F6AFF2C8262E299700A4EFF6 /* Resources */,
				9C3440A7105862E50D5426C0 /* [CP] Embed Pods Frameworks */,
			);
			buildRules = (
			);
			dependencies = (
			);
			name = egoChat;
			productName = egoChat;
			productReference = F6AFF2CA262E299700A4EFF6 /* egoChat.app */;
			productType = "com.apple.product-type.application";
		};
/* End PBXNativeTarget section */

/* Begin PBXProject section */
		F6AFF2C2262E299700A4EFF6 /* Project object */ = {
			isa = PBXProject;
			attributes = {
				LastSwiftUpdateCheck = 1240;
				LastUpgradeCheck = 1240;
				TargetAttributes = {
					F6AFF2C9262E299700A4EFF6 = {
						CreatedOnToolsVersion = 12.4;
					};
				};
			};
			buildConfigurationList = F6AFF2C5262E299700A4EFF6 /* Build configuration list for PBXProject "egoChat" */;
			compatibilityVersion = "Xcode 9.3";
			developmentRegion = en;
			hasScannedForEncodings = 0;
			knownRegions = (
				en,
				Base,
			);
			mainGroup = F6AFF2C1262E299700A4EFF6;
			productRefGroup = F6AFF2CB262E299700A4EFF6 /* Products */;
			projectDirPath = "";
			projectRoot = "";
			targets = (
				F6AFF2C9262E299700A4EFF6 /* egoChat */,
			);
		};
/* End PBXProject section */

/* Begin PBXResourcesBuildPhase section */
		F6AFF2C8262E299700A4EFF6 /* Resources */ = {
			isa = PBXResourcesBuildPhase;
			buildActionMask = 2147483647;
			files = (
				F6AFF2DA262E299800A4EFF6 /* LaunchScreen.storyboard in Resources */,
				F6AFF2D7262E299800A4EFF6 /* Assets.xcassets in Resources */,
				F6AFF2D5262E299700A4EFF6 /* Main.storyboard in Resources */,
			);
			runOnlyForDeploymentPostprocessing = 0;
		};
/* End PBXResourcesBuildPhase section */

/* Begin PBXShellScriptBuildPhase section */
		33576181B2C609FBF062831D /* [CP] Check Pods Manifest.lock */ = {
			isa = PBXShellScriptBuildPhase;
			buildActionMask = 2147483647;
			files = (
			);
			inputFileListPaths = (
			);
			inputPaths = (
				"${PODS_PODFILE_DIR_PATH}/Podfile.lock",
				"${PODS_ROOT}/Manifest.lock",
			);
			name = "[CP] Check Pods Manifest.lock";
			outputFileListPaths = (
			);
			outputPaths = (
				"$(DERIVED_FILE_DIR)/Pods-egoChat-checkManifestLockResult.txt",
			);
			runOnlyForDeploymentPostprocessing = 0;
			shellPath = /bin/sh;
			shellScript = "diff \"${PODS_PODFILE_DIR_PATH}/Podfile.lock\" \"${PODS_ROOT}/Manifest.lock\" > /dev/null\nif [ $? != 0 ] ; then\n    # print error to STDERR\n    echo \"error: The sandbox is not in sync with the Podfile.lock. Run 'pod install' or update your CocoaPods installation.\" >&2\n    exit 1\nfi\n# This output is used by Xcode 'outputs' to avoid re-running this script phase.\necho \"SUCCESS\" > \"${SCRIPT_OUTPUT_FILE_0}\"\n";
			showEnvVarsInLog = 0;
		};
		9C3440A7105862E50D5426C0 /* [CP] Embed Pods Frameworks */ = {
			isa = PBXShellScriptBuildPhase;
			buildActionMask = 2147483647;
			files = (
			);
			inputFileListPaths = (
				"${PODS_ROOT}/Target Support Files/Pods-egoChat/Pods-egoChat-frameworks-${CONFIGURATION}-input-files.xcfilelist",
			);
			name = "[CP] Embed Pods Frameworks";
			outputFileListPaths = (
				"${PODS_ROOT}/Target Support Files/Pods-egoChat/Pods-egoChat-frameworks-${CONFIGURATION}-output-files.xcfilelist",
			);
			runOnlyForDeploymentPostprocessing = 0;
			shellPath = /bin/sh;
			shellScript = "\"${PODS_ROOT}/Target Support Files/Pods-egoChat/Pods-egoChat-frameworks.sh\"\n";
			showEnvVarsInLog = 0;
		};
/* End PBXShellScriptBuildPhase section */

/* Begin PBXSourcesBuildPhase section */
		F6AFF2C6262E299700A4EFF6 /* Sources */ = {
			isa = PBXSourcesBuildPhase;
			buildActionMask = 2147483647;
			files = (
				F6AFF2D2262E299700A4EFF6 /* ViewController.swift in Sources */,
				F6AFF2CE262E299700A4EFF6 /* AppDelegate.swift in Sources */,
				F6AFF2D0262E299700A4EFF6 /* SceneDelegate.swift in Sources */,
			);
			runOnlyForDeploymentPostprocessing = 0;
		};
/* End PBXSourcesBuildPhase section */

/* Begin PBXVariantGroup section */
		F6AFF2D3262E299700A4EFF6 /* Main.storyboard */ = {
			isa = PBXVariantGroup;
			children = (
				F6AFF2D4262E299700A4EFF6 /* Base */,
			);
			name = Main.storyboard;
			sourceTree = "<group>";
		};
		F6AFF2D8262E299800A4EFF6 /* LaunchScreen.storyboard */ = {
			isa = PBXVariantGroup;
			children = (
				F6AFF2D9262E299800A4EFF6 /* Base */,
			);
			name = LaunchScreen.storyboard;
			sourceTree = "<group>";
		};
/* End PBXVariantGroup section */

/* Begin XCBuildConfiguration section */
		F6AFF2DC262E299800A4EFF6 /* Debug */ = {
			isa = XCBuildConfiguration;
			buildSettings = {
				ALWAYS_SEARCH_USER_PATHS = NO;
				CLANG_ANALYZER_NONNULL = YES;
				CLANG_ANALYZER_NUMBER_OBJECT_CONVERSION = YES_AGGRESSIVE;
				CLANG_CXX_LANGUAGE_STANDARD = "gnu++14";
				CLANG_CXX_LIBRARY = "libc++";
				CLANG_ENABLE_MODULES = YES;
				CLANG_ENABLE_OBJC_ARC = YES;
				CLANG_ENABLE_OBJC_WEAK = YES;
				CLANG_WARN_BLOCK_CAPTURE_AUTORELEASING = YES;
				CLANG_WARN_BOOL_CONVERSION = YES;
				CLANG_WARN_COMMA = YES;
				CLANG_WARN_CONSTANT_CONVERSION = YES;
				CLANG_WARN_DEPRECATED_OBJC_IMPLEMENTATIONS = YES;
				CLANG_WARN_DIRECT_OBJC_ISA_USAGE = YES_ERROR;
				CLANG_WARN_DOCUMENTATION_COMMENTS = YES;
				CLANG_WARN_EMPTY_BODY = YES;
				CLANG_WARN_ENUM_CONVERSION = YES;
				CLANG_WARN_INFINITE_RECURSION = YES;
				CLANG_WARN_INT_CONVERSION = YES;
				CLANG_WARN_NON_LITERAL_NULL_CONVERSION = YES;
				CLANG_WARN_OBJC_IMPLICIT_RETAIN_SELF = YES;
				CLANG_WARN_OBJC_LITERAL_CONVERSION = YES;
				CLANG_WARN_OBJC_ROOT_CLASS = YES_ERROR;
				CLANG_WARN_QUOTED_INCLUDE_IN_FRAMEWORK_HEADER = YES;
				CLANG_WARN_RANGE_LOOP_ANALYSIS = YES;
				CLANG_WARN_STRICT_PROTOTYPES = YES;
				CLANG_WARN_SUSPICIOUS_MOVE = YES;
				CLANG_WARN_UNGUARDED_AVAILABILITY = YES_AGGRESSIVE;
				CLANG_WARN_UNREACHABLE_CODE = YES;
				CLANG_WARN__DUPLICATE_METHOD_MATCH = YES;
				COPY_PHASE_STRIP = NO;
				DEBUG_INFORMATION_FORMAT = dwarf;
				ENABLE_STRICT_OBJC_MSGSEND = YES;
				ENABLE_TESTABILITY = YES;
				GCC_C_LANGUAGE_STANDARD = gnu11;
				GCC_DYNAMIC_NO_PIC = NO;
				GCC_NO_COMMON_BLOCKS = YES;
				GCC_OPTIMIZATION_LEVEL = 0;
				GCC_PREPROCESSOR_DEFINITIONS = (
					"DEBUG=1",
					"$(inherited)",
				);
				GCC_WARN_64_TO_32_BIT_CONVERSION = YES;
				GCC_WARN_ABOUT_RETURN_TYPE = YES_ERROR;
				GCC_WARN_UNDECLARED_SELECTOR = YES;
				GCC_WARN_UNINITIALIZED_AUTOS = YES_AGGRESSIVE;
				GCC_WARN_UNUSED_FUNCTION = YES;
				GCC_WARN_UNUSED_VARIABLE = YES;
				IPHONEOS_DEPLOYMENT_TARGET = 14.4;
				MTL_ENABLE_DEBUG_INFO = INCLUDE_SOURCE;
				MTL_FAST_MATH = YES;
				ONLY_ACTIVE_ARCH = YES;
				SDKROOT = iphoneos;
				SWIFT_ACTIVE_COMPILATION_CONDITIONS = DEBUG;
				SWIFT_OPTIMIZATION_LEVEL = "-Onone";
			};
			name = Debug;
		};
		F6AFF2DD262E299800A4EFF6 /* Release */ = {
			isa = XCBuildConfiguration;
			buildSettings = {
				ALWAYS_SEARCH_USER_PATHS = NO;
				CLANG_ANALYZER_NONNULL = YES;
				CLANG_ANALYZER_NUMBER_OBJECT_CONVERSION = YES_AGGRESSIVE;
				CLANG_CXX_LANGUAGE_STANDARD = "gnu++14";
				CLANG_CXX_LIBRARY = "libc++";
				CLANG_ENABLE_MODULES = YES;
				CLANG_ENABLE_OBJC_ARC = YES;
				CLANG_ENABLE_OBJC_WEAK = YES;
				CLANG_WARN_BLOCK_CAPTURE_AUTORELEASING = YES;
				CLANG_WARN_BOOL_CONVERSION = YES;
				CLANG_WARN_COMMA = YES;
				CLANG_WARN_CONSTANT_CONVERSION = YES;
				CLANG_WARN_DEPRECATED_OBJC_IMPLEMENTATIONS = YES;
				CLANG_WARN_DIRECT_OBJC_ISA_USAGE = YES_ERROR;
				CLANG_WARN_DOCUMENTATION_COMMENTS = YES;
				CLANG_WARN_EMPTY_BODY = YES;
				CLANG_WARN_ENUM_CONVERSION = YES;
				CLANG_WARN_INFINITE_RECURSION = YES;
				CLANG_WARN_INT_CONVERSION = YES;
				CLANG_WARN_NON_LITERAL_NULL_CONVERSION = YES;
				CLANG_WARN_OBJC_IMPLICIT_RETAIN_SELF = YES;
				CLANG_WARN_OBJC_LITERAL_CONVERSION = YES;
				CLANG_WARN_OBJC_ROOT_CLASS = YES_ERROR;
				CLANG_WARN_QUOTED_INCLUDE_IN_FRAMEWORK_HEADER = YES;
				CLANG_WARN_RANGE_LOOP_ANALYSIS = YES;
				CLANG_WARN_STRICT_PROTOTYPES = YES;
				CLANG_WARN_SUSPICIOUS_MOVE = YES;
				CLANG_WARN_UNGUARDED_AVAILABILITY = YES_AGGRESSIVE;
				CLANG_WARN_UNREACHABLE_CODE = YES;
				CLANG_WARN__DUPLICATE_METHOD_MATCH = YES;
				COPY_PHASE_STRIP = NO;
				DEBUG_INFORMATION_FORMAT = "dwarf-with-dsym";
				ENABLE_NS_ASSERTIONS = NO;
				ENABLE_STRICT_OBJC_MSGSEND = YES;
				GCC_C_LANGUAGE_STANDARD = gnu11;
				GCC_NO_COMMON_BLOCKS = YES;
				GCC_WARN_64_TO_32_BIT_CONVERSION = YES;
				GCC_WARN_ABOUT_RETURN_TYPE = YES_ERROR;
				GCC_WARN_UNDECLARED_SELECTOR = YES;
				GCC_WARN_UNINITIALIZED_AUTOS = YES_AGGRESSIVE;
				GCC_WARN_UNUSED_FUNCTION = YES;
				GCC_WARN_UNUSED_VARIABLE = YES;
				IPHONEOS_DEPLOYMENT_TARGET = 14.4;
				MTL_ENABLE_DEBUG_INFO = NO;
				MTL_FAST_MATH = YES;
				SDKROOT = iphoneos;
				SWIFT_COMPILATION_MODE = wholemodule;
				SWIFT_OPTIMIZATION_LEVEL = "-O";
				VALIDATE_PRODUCT = YES;
			};
			name = Release;
		};
		F6AFF2DF262E299800A4EFF6 /* Debug */ = {
			isa = XCBuildConfiguration;
			baseConfigurationReference = 86E4794180981123BCC26DD6 /* Pods-egoChat.debug.xcconfig */;
			buildSettings = {
				ASSETCATALOG_COMPILER_APPICON_NAME = AppIcon;
				ASSETCATALOG_COMPILER_GLOBAL_ACCENT_COLOR_NAME = AccentColor;
				CODE_SIGN_STYLE = Automatic;
				INFOPLIST_FILE = egoChat/Info.plist;
				LD_RUNPATH_SEARCH_PATHS = (
					"$(inherited)",
					"@executable_path/Frameworks",
				);
				PRODUCT_BUNDLE_IDENTIFIER = com.johnpiapian.egoChat;
				PRODUCT_NAME = "$(TARGET_NAME)";
				SWIFT_VERSION = 5.0;
				TARGETED_DEVICE_FAMILY = "1,2";
			};
			name = Debug;
		};
		F6AFF2E0262E299800A4EFF6 /* Release */ = {
			isa = XCBuildConfiguration;
			baseConfigurationReference = 302E05AD74C5A50F2A730FB8 /* Pods-egoChat.release.xcconfig */;
			buildSettings = {
				ASSETCATALOG_COMPILER_APPICON_NAME = AppIcon;
				ASSETCATALOG_COMPILER_GLOBAL_ACCENT_COLOR_NAME = AccentColor;
				CODE_SIGN_STYLE = Automatic;
				INFOPLIST_FILE = egoChat/Info.plist;
				LD_RUNPATH_SEARCH_PATHS = (
					"$(inherited)",
					"@executable_path/Frameworks",
				);
				PRODUCT_BUNDLE_IDENTIFIER = com.johnpiapian.egoChat;
				PRODUCT_NAME = "$(TARGET_NAME)";
				SWIFT_VERSION = 5.0;
				TARGETED_DEVICE_FAMILY = "1,2";
			};
			name = Release;
		};
/* End XCBuildConfiguration section */

/* Begin XCConfigurationList section */
		F6AFF2C5262E299700A4EFF6 /* Build configuration list for PBXProject "egoChat" */ = {
			isa = XCConfigurationList;
			buildConfigurations = (
				F6AFF2DC262E299800A4EFF6 /* Debug */,
				F6AFF2DD262E299800A4EFF6 /* Release */,
			);
			defaultConfigurationIsVisible = 0;
			defaultConfigurationName = Release;
		};
		F6AFF2DE262E299800A4EFF6 /* Build configuration list for PBXNativeTarget "egoChat" */ = {
			isa = XCConfigurationList;
			buildConfigurations = (
				F6AFF2DF262E299800A4EFF6 /* Debug */,
				F6AFF2E0262E299800A4EFF6 /* Release */,
			);
			defaultConfigurationIsVisible = 0;
			defaultConfigurationName = Release;
		};
/* End XCConfigurationList section */
	};
	rootObject = F6AFF2C2262E299700A4EFF6 /* Project object */;
}
